
Microsoft Visual Studio Solution File, Format Version 12.00
# Visual Studio Version 16
VisualStudioVersion = 16.0.31025.194
MinimumVisualStudioVersion = 10.0.40219.1
Project("{FAE04EC0-301F-11D3-BF4B-00C04F79EFBC}") = "SO_Exercises37.38._4.28.21", "SO_Exercises37.38._4.28.21\SO_Exercises37.38._4.28.21.csproj", "{ADAD3FA1-FBD5-4E46-A493-7F0CC2C8547D}"
EndProject
Global
	GlobalSection(SolutionConfigurationPlatforms) = preSolution
		Debug|Any CPU = Debug|Any CPU
		Release|Any CPU = Release|Any CPU
	EndGlobalSection
	GlobalSection(ProjectConfigurationPlatforms) = postSolution
		{ADAD3FA1-FBD5-4E46-A493-7F0CC2C8547D}.Debug|Any CPU.ActiveCfg = Debug|Any CPU
		{ADAD3FA1-FBD5-4E46-A493-7F0CC2C8547D}.Debug|Any CPU.Build.0 = Debug|Any CPU
		{ADAD3FA1-FBD5-4E46-A493-7F0CC2C8547D}.Release|Any CPU.ActiveCfg = Release|Any CPU
		{ADAD3FA1-FBD5-4E46-A493-7F0CC2C8547D}.Release|Any CPU.Build.0 = Release|Any CPU
	EndGlobalSection
	GlobalSection(SolutionProperties) = preSolution
		HideSolutionNode = FALSE
	EndGlobalSection
	GlobalSection(ExtensibilityGlobals) = postSolution
		SolutionGuid = {41D33AA6-35E2-4E46-8669-854420AAD807}
	EndGlobalSection
EndGlobal
